
Microsoft Visual Studio Solution File, Format Version 12.00
# Visual Studio Version 17
VisualStudioVersion = 17.11.35222.181
MinimumVisualStudioVersion = 10.0.40219.1
Project("{FAE04EC0-301F-11D3-BF4B-00C04F79EFBC}") = "KTPMUDMVVM", "KTPMUDMVVM.csproj", "{4E780407-A8F2-4C64-BD5D-C5662F3F47CA}"
EndProject
Global
	GlobalSection(SolutionConfigurationPlatforms) = preSolution
		Debug|Any CPU = Debug|Any CPU
		Release|Any CPU = Release|Any CPU
	EndGlobalSection
	GlobalSection(ProjectConfigurationPlatforms) = postSolution
		{4E780407-A8F2-4C64-BD5D-C5662F3F47CA}.Debug|Any CPU.ActiveCfg = Debug|Any CPU
		{4E780407-A8F2-4C64-BD5D-C5662F3F47CA}.Debug|Any CPU.Build.0 = Debug|Any CPU
		{4E780407-A8F2-4C64-BD5D-C5662F3F47CA}.Release|Any CPU.ActiveCfg = Release|Any CPU
		{4E780407-A8F2-4C64-BD5D-C5662F3F47CA}.Release|Any CPU.Build.0 = Release|Any CPU
	EndGlobalSection
	GlobalSection(SolutionProperties) = preSolution
		HideSolutionNode = FALSE
	EndGlobalSection
	GlobalSection(ExtensibilityGlobals) = postSolution
		SolutionGuid = {18BE2C74-4A80-4A81-AFB6-409D95C782E4}
	EndGlobalSection
EndGlobal
